
Microsoft Visual Studio Solution File, Format Version 12.00
# Visual Studio Version 17
VisualStudioVersion = 17.7.34031.279
MinimumVisualStudioVersion = 10.0.40219.1
Project("{9A19103F-16F7-4668-BE54-9A1E7A4F7556}") = "AcademiaDotNet", "AcademiaDotNet\AcademiaDotNet.csproj", "{5642E444-B56A-4A89-890B-9299E404B2AA}"
EndProject
Project("{9A19103F-16F7-4668-BE54-9A1E7A4F7556}") = "OrientacaoObjeto", "OrientacaoObjeto\OrientacaoObjeto.csproj", "{3F4ACA85-5541-4212-ADF2-D2DA0FD4F048}"
EndProject
Project("{9A19103F-16F7-4668-BE54-9A1E7A4F7556}") = "Biblioteca", "Biblioteca\Biblioteca.csproj", "{41741C1A-3236-4830-8C89-FC4F130E69B7}"
EndProject
Project("{9A19103F-16F7-4668-BE54-9A1E7A4F7556}") = "POOAlexandre", "POOAlexandre\POOAlexandre.csproj", "{73937DF2-BAE7-4977-96A4-C9F933D9B387}"
EndProject
Global
	GlobalSection(SolutionConfigurationPlatforms) = preSolution
		Debug|Any CPU = Debug|Any CPU
		Release|Any CPU = Release|Any CPU
	EndGlobalSection
	GlobalSection(ProjectConfigurationPlatforms) = postSolution
		{5642E444-B56A-4A89-890B-9299E404B2AA}.Debug|Any CPU.ActiveCfg = Debug|Any CPU
		{5642E444-B56A-4A89-890B-9299E404B2AA}.Debug|Any CPU.Build.0 = Debug|Any CPU
		{5642E444-B56A-4A89-890B-9299E404B2AA}.Release|Any CPU.ActiveCfg = Release|Any CPU
		{5642E444-B56A-4A89-890B-9299E404B2AA}.Release|Any CPU.Build.0 = Release|Any CPU
		{3F4ACA85-5541-4212-ADF2-D2DA0FD4F048}.Debug|Any CPU.ActiveCfg = Debug|Any CPU
		{3F4ACA85-5541-4212-ADF2-D2DA0FD4F048}.Debug|Any CPU.Build.0 = Debug|Any CPU
		{3F4ACA85-5541-4212-ADF2-D2DA0FD4F048}.Release|Any CPU.ActiveCfg = Release|Any CPU
		{3F4ACA85-5541-4212-ADF2-D2DA0FD4F048}.Release|Any CPU.Build.0 = Release|Any CPU
		{41741C1A-3236-4830-8C89-FC4F130E69B7}.Debug|Any CPU.ActiveCfg = Debug|Any CPU
		{41741C1A-3236-4830-8C89-FC4F130E69B7}.Debug|Any CPU.Build.0 = Debug|Any CPU
		{41741C1A-3236-4830-8C89-FC4F130E69B7}.Release|Any CPU.ActiveCfg = Release|Any CPU
		{41741C1A-3236-4830-8C89-FC4F130E69B7}.Release|Any CPU.Build.0 = Release|Any CPU
		{73937DF2-BAE7-4977-96A4-C9F933D9B387}.Debug|Any CPU.ActiveCfg = Debug|Any CPU
		{73937DF2-BAE7-4977-96A4-C9F933D9B387}.Debug|Any CPU.Build.0 = Debug|Any CPU
		{73937DF2-BAE7-4977-96A4-C9F933D9B387}.Release|Any CPU.ActiveCfg = Release|Any CPU
		{73937DF2-BAE7-4977-96A4-C9F933D9B387}.Release|Any CPU.Build.0 = Release|Any CPU
	EndGlobalSection
	GlobalSection(SolutionProperties) = preSolution
		HideSolutionNode = FALSE
	EndGlobalSection
	GlobalSection(ExtensibilityGlobals) = postSolution
		SolutionGuid = {3654B57D-A62D-43B8-A9E0-550BD4DFC2F1}
	EndGlobalSection
EndGlobal
