
Microsoft Visual Studio Solution File, Format Version 12.00
# Visual Studio Version 17
VisualStudioVersion = 17.7.34031.279
MinimumVisualStudioVersion = 10.0.40219.1
Project("{9A19103F-16F7-4668-BE54-9A1E7A4F7556}") = "Introducao", "Introducao\Introducao.csproj", "{5642E444-B56A-4A89-890B-9299E404B2AA}"
EndProject
Project("{9A19103F-16F7-4668-BE54-9A1E7A4F7556}") = "OrientacaoObjeto", "OrientacaoObjeto\OrientacaoObjeto.csproj", "{3F4ACA85-5541-4212-ADF2-D2DA0FD4F048}"
EndProject
Project("{9A19103F-16F7-4668-BE54-9A1E7A4F7556}") = "Biblioteca", "Biblioteca\Biblioteca.csproj", "{41741C1A-3236-4830-8C89-FC4F130E69B7}"
EndProject
Project("{9A19103F-16F7-4668-BE54-9A1E7A4F7556}") = "POOAlexandre", "POOAlexandre\POOAlexandre.csproj", "{73937DF2-BAE7-4977-96A4-C9F933D9B387}"
EndProject
Project("{9A19103F-16F7-4668-BE54-9A1E7A4F7556}") = "POOAmigoSecreto", "POOAmigoSecreto\POOAmigoSecreto.csproj", "{D3C06098-7FDD-4BFC-8462-08E5EB040915}"
EndProject
Project("{2150E333-8FDC-42A3-9474-1A3956D46DE8}") = "Abstracao", "Abstracao", "{DD4B6656-11D8-4B71-8FD5-48CFA3FECE8E}"
EndProject
Project("{9A19103F-16F7-4668-BE54-9A1E7A4F7556}") = "AbstracaoAnimal", "Abstracao\AbstracaoAnimal\AbstracaoAnimal.csproj", "{13626792-8433-4F23-8DB3-7B4874400579}"
EndProject
Project("{9A19103F-16F7-4668-BE54-9A1E7A4F7556}") = "AbstracaoVeiculo", "Abstracao\AbstracaoVeiculo\AbstracaoVeiculo.csproj", "{3F72D780-F607-47FF-AB46-27524C9B63AB}"
EndProject
Project("{9A19103F-16F7-4668-BE54-9A1E7A4F7556}") = "AbstracaoExercicio1", "Abstracao\AbstracaoExercicio1\AbstracaoExercicio1.csproj", "{7A3426F2-D41C-46B7-896A-3275F8745AF6}"
EndProject
Project("{9A19103F-16F7-4668-BE54-9A1E7A4F7556}") = "AbstracaoExercicio2", "Abstracao\AbstracaoExercicio2\AbstracaoExercicio2.csproj", "{F73F1F3A-E145-4822-85A0-88B42121DA7F}"
EndProject
Project("{9A19103F-16F7-4668-BE54-9A1E7A4F7556}") = "AbstracaoExercicio3", "Abstracao\AbstracaoExercicio3\AbstracaoExercicio3.csproj", "{33579A8D-E54E-4075-8DD2-1411DD7394BA}"
EndProject
Project("{9A19103F-16F7-4668-BE54-9A1E7A4F7556}") = "AbstracaoExercicio4", "Abstracao\AbstracaoExercicio4\AbstracaoExercicio4.csproj", "{D08AB489-A10C-4765-AEE3-FE18418E338D}"
EndProject
Project("{9A19103F-16F7-4668-BE54-9A1E7A4F7556}") = "AbstracaoExercicio5", "Abstracao\AbstracaoExercicio5\AbstracaoExercicio5.csproj", "{1DAC68FE-48DB-4A4E-B9D3-17DF4C6BE24A}"
EndProject
Project("{9A19103F-16F7-4668-BE54-9A1E7A4F7556}") = "AbstracaoExercicio6", "Abstracao\AbstracaoExercicio6\AbstracaoExercicio6.csproj", "{5C88B721-E1BC-4BD0-ACFF-0E941EF67A6E}"
EndProject
Project("{9A19103F-16F7-4668-BE54-9A1E7A4F7556}") = "AbstracaoExercicio7", "Abstracao\AbstracaoExercicio7\AbstracaoExercicio7.csproj", "{1942A670-D2B3-42E7-A917-84BF6B7305F3}"
EndProject
Project("{9A19103F-16F7-4668-BE54-9A1E7A4F7556}") = "AbstracaoExercicio8", "Abstracao\AbstracaoExercicio8\AbstracaoExercicio8.csproj", "{653A0ED7-C4FD-4848-A6D8-8C29E4751965}"
EndProject
Project("{9A19103F-16F7-4668-BE54-9A1E7A4F7556}") = "AbstracaoExercicio9", "Abstracao\AbstracaoExercicio9\AbstracaoExercicio9.csproj", "{56450938-5F79-4B8B-B94C-6ADFFB53C9DB}"
EndProject
Project("{9A19103F-16F7-4668-BE54-9A1E7A4F7556}") = "AbstracaoExercicio10", "Abstracao\AbstracaoExercicio10\AbstracaoExercicio10.csproj", "{2E220A92-2FA4-4CE1-A717-3E14DED5863E}"
EndProject
Project("{9A19103F-16F7-4668-BE54-9A1E7A4F7556}") = "AbstracaoExercicio11", "Abstracao\AbstracaoExercicio11\AbstracaoExercicio11.csproj", "{4FD6A9E9-6AD0-4634-A479-1134AA97D65A}"
EndProject
Project("{2150E333-8FDC-42A3-9474-1A3956D46DE8}") = "POO", "POO", "{B73B8536-C53A-41BE-8114-741B37AE91A4}"
EndProject
Project("{9A19103F-16F7-4668-BE54-9A1E7A4F7556}") = "WindowsFormAmigoSecreto", "WindowsFormAmigoSecreto\WindowsFormAmigoSecreto.csproj", "{A24C272C-D6D7-4DD2-B4D2-060E1154925A}"
EndProject
Project("{FAE04EC0-301F-11D3-BF4B-00C04F79EFBC}") = "PadroesDeProjeto", "PadroesDeProjeto\PadroesDeProjeto.csproj", "{07B14FB6-5443-4247-8755-6C0C479A454A}"
EndProject
Global
	GlobalSection(SolutionConfigurationPlatforms) = preSolution
		Debug|Any CPU = Debug|Any CPU
		Release|Any CPU = Release|Any CPU
	EndGlobalSection
	GlobalSection(ProjectConfigurationPlatforms) = postSolution
		{5642E444-B56A-4A89-890B-9299E404B2AA}.Debug|Any CPU.ActiveCfg = Debug|Any CPU
		{5642E444-B56A-4A89-890B-9299E404B2AA}.Debug|Any CPU.Build.0 = Debug|Any CPU
		{5642E444-B56A-4A89-890B-9299E404B2AA}.Release|Any CPU.ActiveCfg = Release|Any CPU
		{5642E444-B56A-4A89-890B-9299E404B2AA}.Release|Any CPU.Build.0 = Release|Any CPU
		{3F4ACA85-5541-4212-ADF2-D2DA0FD4F048}.Debug|Any CPU.ActiveCfg = Debug|Any CPU
		{3F4ACA85-5541-4212-ADF2-D2DA0FD4F048}.Debug|Any CPU.Build.0 = Debug|Any CPU
		{3F4ACA85-5541-4212-ADF2-D2DA0FD4F048}.Release|Any CPU.ActiveCfg = Release|Any CPU
		{3F4ACA85-5541-4212-ADF2-D2DA0FD4F048}.Release|Any CPU.Build.0 = Release|Any CPU
		{41741C1A-3236-4830-8C89-FC4F130E69B7}.Debug|Any CPU.ActiveCfg = Debug|Any CPU
		{41741C1A-3236-4830-8C89-FC4F130E69B7}.Debug|Any CPU.Build.0 = Debug|Any CPU
		{41741C1A-3236-4830-8C89-FC4F130E69B7}.Release|Any CPU.ActiveCfg = Release|Any CPU
		{41741C1A-3236-4830-8C89-FC4F130E69B7}.Release|Any CPU.Build.0 = Release|Any CPU
		{73937DF2-BAE7-4977-96A4-C9F933D9B387}.Debug|Any CPU.ActiveCfg = Debug|Any CPU
		{73937DF2-BAE7-4977-96A4-C9F933D9B387}.Debug|Any CPU.Build.0 = Debug|Any CPU
		{73937DF2-BAE7-4977-96A4-C9F933D9B387}.Release|Any CPU.ActiveCfg = Release|Any CPU
		{73937DF2-BAE7-4977-96A4-C9F933D9B387}.Release|Any CPU.Build.0 = Release|Any CPU
		{D3C06098-7FDD-4BFC-8462-08E5EB040915}.Debug|Any CPU.ActiveCfg = Debug|Any CPU
		{D3C06098-7FDD-4BFC-8462-08E5EB040915}.Debug|Any CPU.Build.0 = Debug|Any CPU
		{D3C06098-7FDD-4BFC-8462-08E5EB040915}.Release|Any CPU.ActiveCfg = Release|Any CPU
		{D3C06098-7FDD-4BFC-8462-08E5EB040915}.Release|Any CPU.Build.0 = Release|Any CPU
		{13626792-8433-4F23-8DB3-7B4874400579}.Debug|Any CPU.ActiveCfg = Debug|Any CPU
		{13626792-8433-4F23-8DB3-7B4874400579}.Debug|Any CPU.Build.0 = Debug|Any CPU
		{13626792-8433-4F23-8DB3-7B4874400579}.Release|Any CPU.ActiveCfg = Release|Any CPU
		{13626792-8433-4F23-8DB3-7B4874400579}.Release|Any CPU.Build.0 = Release|Any CPU
		{3F72D780-F607-47FF-AB46-27524C9B63AB}.Debug|Any CPU.ActiveCfg = Debug|Any CPU
		{3F72D780-F607-47FF-AB46-27524C9B63AB}.Debug|Any CPU.Build.0 = Debug|Any CPU
		{3F72D780-F607-47FF-AB46-27524C9B63AB}.Release|Any CPU.ActiveCfg = Release|Any CPU
		{3F72D780-F607-47FF-AB46-27524C9B63AB}.Release|Any CPU.Build.0 = Release|Any CPU
		{7A3426F2-D41C-46B7-896A-3275F8745AF6}.Debug|Any CPU.ActiveCfg = Debug|Any CPU
		{7A3426F2-D41C-46B7-896A-3275F8745AF6}.Debug|Any CPU.Build.0 = Debug|Any CPU
		{7A3426F2-D41C-46B7-896A-3275F8745AF6}.Release|Any CPU.ActiveCfg = Release|Any CPU
		{7A3426F2-D41C-46B7-896A-3275F8745AF6}.Release|Any CPU.Build.0 = Release|Any CPU
		{F73F1F3A-E145-4822-85A0-88B42121DA7F}.Debug|Any CPU.ActiveCfg = Debug|Any CPU
		{F73F1F3A-E145-4822-85A0-88B42121DA7F}.Debug|Any CPU.Build.0 = Debug|Any CPU
		{F73F1F3A-E145-4822-85A0-88B42121DA7F}.Release|Any CPU.ActiveCfg = Release|Any CPU
		{F73F1F3A-E145-4822-85A0-88B42121DA7F}.Release|Any CPU.Build.0 = Release|Any CPU
		{33579A8D-E54E-4075-8DD2-1411DD7394BA}.Debug|Any CPU.ActiveCfg = Debug|Any CPU
		{33579A8D-E54E-4075-8DD2-1411DD7394BA}.Debug|Any CPU.Build.0 = Debug|Any CPU
		{33579A8D-E54E-4075-8DD2-1411DD7394BA}.Release|Any CPU.ActiveCfg = Release|Any CPU
		{33579A8D-E54E-4075-8DD2-1411DD7394BA}.Release|Any CPU.Build.0 = Release|Any CPU
		{D08AB489-A10C-4765-AEE3-FE18418E338D}.Debug|Any CPU.ActiveCfg = Debug|Any CPU
		{D08AB489-A10C-4765-AEE3-FE18418E338D}.Debug|Any CPU.Build.0 = Debug|Any CPU
		{D08AB489-A10C-4765-AEE3-FE18418E338D}.Release|Any CPU.ActiveCfg = Release|Any CPU
		{D08AB489-A10C-4765-AEE3-FE18418E338D}.Release|Any CPU.Build.0 = Release|Any CPU
		{1DAC68FE-48DB-4A4E-B9D3-17DF4C6BE24A}.Debug|Any CPU.ActiveCfg = Debug|Any CPU
		{1DAC68FE-48DB-4A4E-B9D3-17DF4C6BE24A}.Debug|Any CPU.Build.0 = Debug|Any CPU
		{1DAC68FE-48DB-4A4E-B9D3-17DF4C6BE24A}.Release|Any CPU.ActiveCfg = Release|Any CPU
		{1DAC68FE-48DB-4A4E-B9D3-17DF4C6BE24A}.Release|Any CPU.Build.0 = Release|Any CPU
		{5C88B721-E1BC-4BD0-ACFF-0E941EF67A6E}.Debug|Any CPU.ActiveCfg = Debug|Any CPU
		{5C88B721-E1BC-4BD0-ACFF-0E941EF67A6E}.Debug|Any CPU.Build.0 = Debug|Any CPU
		{5C88B721-E1BC-4BD0-ACFF-0E941EF67A6E}.Release|Any CPU.ActiveCfg = Release|Any CPU
		{5C88B721-E1BC-4BD0-ACFF-0E941EF67A6E}.Release|Any CPU.Build.0 = Release|Any CPU
		{1942A670-D2B3-42E7-A917-84BF6B7305F3}.Debug|Any CPU.ActiveCfg = Debug|Any CPU
		{1942A670-D2B3-42E7-A917-84BF6B7305F3}.Debug|Any CPU.Build.0 = Debug|Any CPU
		{1942A670-D2B3-42E7-A917-84BF6B7305F3}.Release|Any CPU.ActiveCfg = Release|Any CPU
		{1942A670-D2B3-42E7-A917-84BF6B7305F3}.Release|Any CPU.Build.0 = Release|Any CPU
		{653A0ED7-C4FD-4848-A6D8-8C29E4751965}.Debug|Any CPU.ActiveCfg = Debug|Any CPU
		{653A0ED7-C4FD-4848-A6D8-8C29E4751965}.Debug|Any CPU.Build.0 = Debug|Any CPU
		{653A0ED7-C4FD-4848-A6D8-8C29E4751965}.Release|Any CPU.ActiveCfg = Release|Any CPU
		{653A0ED7-C4FD-4848-A6D8-8C29E4751965}.Release|Any CPU.Build.0 = Release|Any CPU
		{56450938-5F79-4B8B-B94C-6ADFFB53C9DB}.Debug|Any CPU.ActiveCfg = Debug|Any CPU
		{56450938-5F79-4B8B-B94C-6ADFFB53C9DB}.Debug|Any CPU.Build.0 = Debug|Any CPU
		{56450938-5F79-4B8B-B94C-6ADFFB53C9DB}.Release|Any CPU.ActiveCfg = Release|Any CPU
		{56450938-5F79-4B8B-B94C-6ADFFB53C9DB}.Release|Any CPU.Build.0 = Release|Any CPU
		{2E220A92-2FA4-4CE1-A717-3E14DED5863E}.Debug|Any CPU.ActiveCfg = Debug|Any CPU
		{2E220A92-2FA4-4CE1-A717-3E14DED5863E}.Debug|Any CPU.Build.0 = Debug|Any CPU
		{2E220A92-2FA4-4CE1-A717-3E14DED5863E}.Release|Any CPU.ActiveCfg = Release|Any CPU
		{2E220A92-2FA4-4CE1-A717-3E14DED5863E}.Release|Any CPU.Build.0 = Release|Any CPU
		{4FD6A9E9-6AD0-4634-A479-1134AA97D65A}.Debug|Any CPU.ActiveCfg = Debug|Any CPU
		{4FD6A9E9-6AD0-4634-A479-1134AA97D65A}.Debug|Any CPU.Build.0 = Debug|Any CPU
		{4FD6A9E9-6AD0-4634-A479-1134AA97D65A}.Release|Any CPU.ActiveCfg = Release|Any CPU
		{4FD6A9E9-6AD0-4634-A479-1134AA97D65A}.Release|Any CPU.Build.0 = Release|Any CPU
		{A24C272C-D6D7-4DD2-B4D2-060E1154925A}.Debug|Any CPU.ActiveCfg = Debug|Any CPU
		{A24C272C-D6D7-4DD2-B4D2-060E1154925A}.Debug|Any CPU.Build.0 = Debug|Any CPU
		{A24C272C-D6D7-4DD2-B4D2-060E1154925A}.Release|Any CPU.ActiveCfg = Release|Any CPU
		{A24C272C-D6D7-4DD2-B4D2-060E1154925A}.Release|Any CPU.Build.0 = Release|Any CPU
		{07B14FB6-5443-4247-8755-6C0C479A454A}.Debug|Any CPU.ActiveCfg = Debug|Any CPU
		{07B14FB6-5443-4247-8755-6C0C479A454A}.Debug|Any CPU.Build.0 = Debug|Any CPU
		{07B14FB6-5443-4247-8755-6C0C479A454A}.Release|Any CPU.ActiveCfg = Release|Any CPU
		{07B14FB6-5443-4247-8755-6C0C479A454A}.Release|Any CPU.Build.0 = Release|Any CPU
	EndGlobalSection
	GlobalSection(SolutionProperties) = preSolution
		HideSolutionNode = FALSE
	EndGlobalSection
	GlobalSection(NestedProjects) = preSolution
		{3F4ACA85-5541-4212-ADF2-D2DA0FD4F048} = {B73B8536-C53A-41BE-8114-741B37AE91A4}
		{41741C1A-3236-4830-8C89-FC4F130E69B7} = {B73B8536-C53A-41BE-8114-741B37AE91A4}
		{73937DF2-BAE7-4977-96A4-C9F933D9B387} = {B73B8536-C53A-41BE-8114-741B37AE91A4}
		{D3C06098-7FDD-4BFC-8462-08E5EB040915} = {B73B8536-C53A-41BE-8114-741B37AE91A4}
		{13626792-8433-4F23-8DB3-7B4874400579} = {DD4B6656-11D8-4B71-8FD5-48CFA3FECE8E}
		{3F72D780-F607-47FF-AB46-27524C9B63AB} = {DD4B6656-11D8-4B71-8FD5-48CFA3FECE8E}
		{7A3426F2-D41C-46B7-896A-3275F8745AF6} = {DD4B6656-11D8-4B71-8FD5-48CFA3FECE8E}
		{F73F1F3A-E145-4822-85A0-88B42121DA7F} = {DD4B6656-11D8-4B71-8FD5-48CFA3FECE8E}
		{33579A8D-E54E-4075-8DD2-1411DD7394BA} = {DD4B6656-11D8-4B71-8FD5-48CFA3FECE8E}
		{D08AB489-A10C-4765-AEE3-FE18418E338D} = {DD4B6656-11D8-4B71-8FD5-48CFA3FECE8E}
		{1DAC68FE-48DB-4A4E-B9D3-17DF4C6BE24A} = {DD4B6656-11D8-4B71-8FD5-48CFA3FECE8E}
		{5C88B721-E1BC-4BD0-ACFF-0E941EF67A6E} = {DD4B6656-11D8-4B71-8FD5-48CFA3FECE8E}
		{1942A670-D2B3-42E7-A917-84BF6B7305F3} = {DD4B6656-11D8-4B71-8FD5-48CFA3FECE8E}
		{653A0ED7-C4FD-4848-A6D8-8C29E4751965} = {DD4B6656-11D8-4B71-8FD5-48CFA3FECE8E}
		{56450938-5F79-4B8B-B94C-6ADFFB53C9DB} = {DD4B6656-11D8-4B71-8FD5-48CFA3FECE8E}
		{2E220A92-2FA4-4CE1-A717-3E14DED5863E} = {DD4B6656-11D8-4B71-8FD5-48CFA3FECE8E}
		{4FD6A9E9-6AD0-4634-A479-1134AA97D65A} = {DD4B6656-11D8-4B71-8FD5-48CFA3FECE8E}
	EndGlobalSection
	GlobalSection(ExtensibilityGlobals) = postSolution
		SolutionGuid = {3654B57D-A62D-43B8-A9E0-550BD4DFC2F1}
	EndGlobalSection
EndGlobal
